// !$*UTF8*$!
{
	archiveVersion = 1;
	classes = {
	};
	objectVersion = 56;
	objects = {

/* Begin PBXBuildFile section */
		4EA2DB7F29F7F82700507E67 /* SnowMachine.swift in Sources */ = {isa = PBXBuildFile; fileRef = 4EA2DB7E29F7F82700507E67 /* SnowMachine.swift */; };
		4ED1B92229E42B86005C1511 /* StateProtocol.swift in Sources */ = {isa = PBXBuildFile; fileRef = 4ED1B92129E42B86005C1511 /* StateProtocol.swift */; };
		4ED1B92429E42BD7005C1511 /* InteractProtocol.swift in Sources */ = {isa = PBXBuildFile; fileRef = 4ED1B92329E42BD7005C1511 /* InteractProtocol.swift */; };
		4ED1B93529E434EE005C1511 /* ActorStateEnum.swift in Sources */ = {isa = PBXBuildFile; fileRef = 4ED1B93229E434EE005C1511 /* ActorStateEnum.swift */; };
		4ED1B93629E434EE005C1511 /* ActuatorStateEnum.swift in Sources */ = {isa = PBXBuildFile; fileRef = 4ED1B93329E434EE005C1511 /* ActuatorStateEnum.swift */; };
		4ED1B93729E434EE005C1511 /* ProjectileStateEnum.swift in Sources */ = {isa = PBXBuildFile; fileRef = 4ED1B93429E434EE005C1511 /* ProjectileStateEnum.swift */; };
		4ED1B93A29E4373B005C1511 /* ActorMoveProtocol.swift in Sources */ = {isa = PBXBuildFile; fileRef = 4ED1B93929E4373B005C1511 /* ActorMoveProtocol.swift */; };
		4ED1B93C29E4463E005C1511 /* ActorFeaturesProtocol.swift in Sources */ = {isa = PBXBuildFile; fileRef = 4ED1B93B29E4463E005C1511 /* ActorFeaturesProtocol.swift */; };
		4ED1B93E29E44814005C1511 /* ActorTexturesProtocol.swift in Sources */ = {isa = PBXBuildFile; fileRef = 4ED1B93D29E44814005C1511 /* ActorTexturesProtocol.swift */; };
		4ED1B94129E449E0005C1511 /* ActorProtocol.swift in Sources */ = {isa = PBXBuildFile; fileRef = 4ED1B94029E449E0005C1511 /* ActorProtocol.swift */; };
		4ED1B94329E44C81005C1511 /* ActuatorProtocol.swift in Sources */ = {isa = PBXBuildFile; fileRef = 4ED1B94229E44C81005C1511 /* ActuatorProtocol.swift */; };
		4ED1B94529E44F97005C1511 /* AccesoriesStateEnum.swift in Sources */ = {isa = PBXBuildFile; fileRef = 4ED1B94429E44F97005C1511 /* AccesoriesStateEnum.swift */; };
		95F0279029F7069A00A83497 /* Instances.swift in Sources */ = {isa = PBXBuildFile; fileRef = 95F0278F29F7069A00A83497 /* Instances.swift */; };
		95FD15F829D6FE830025DFA8 /* OperationSnowBombApp.swift in Sources */ = {isa = PBXBuildFile; fileRef = 95FD15F729D6FE830025DFA8 /* OperationSnowBombApp.swift */; };
		95FD15FA29D6FE830025DFA8 /* ContentView.swift in Sources */ = {isa = PBXBuildFile; fileRef = 95FD15F929D6FE830025DFA8 /* ContentView.swift */; };
		95FD15FC29D6FE840025DFA8 /* Assets.xcassets in Resources */ = {isa = PBXBuildFile; fileRef = 95FD15FB29D6FE840025DFA8 /* Assets.xcassets */; };
		95FD15FF29D6FE840025DFA8 /* Preview Assets.xcassets in Resources */ = {isa = PBXBuildFile; fileRef = 95FD15FE29D6FE840025DFA8 /* Preview Assets.xcassets */; };
		DD43967129E581A900E1DF19 /* GameBoard.swift in Sources */ = {isa = PBXBuildFile; fileRef = DD43967029E581A900E1DF19 /* GameBoard.swift */; };
		DD43967429E5855700E1DF19 /* Actor.swift in Sources */ = {isa = PBXBuildFile; fileRef = DD43967329E5855700E1DF19 /* Actor.swift */; };
		DD43967629E6EF4900E1DF19 /* AccesoriesProtocol.swift in Sources */ = {isa = PBXBuildFile; fileRef = DD43967529E6EF4900E1DF19 /* AccesoriesProtocol.swift */; };
		DD43967829E6F0C400E1DF19 /* Accessories.swift in Sources */ = {isa = PBXBuildFile; fileRef = DD43967729E6F0C400E1DF19 /* Accessories.swift */; };
		DD4396B529F16DCC00E1DF19 /* Actuator.swift in Sources */ = {isa = PBXBuildFile; fileRef = DD4396B429F16DCC00E1DF19 /* Actuator.swift */; };
		DDBA82FE29F86B4700C3E1C8 /* ArrowsJoystick.swift in Sources */ = {isa = PBXBuildFile; fileRef = DDBA82FD29F86B4700C3E1C8 /* ArrowsJoystick.swift */; };
/* End PBXBuildFile section */

/* Begin PBXCopyFilesBuildPhase section */
		95FD162229D7022D0025DFA8 /* Embed Frameworks */ = {
			isa = PBXCopyFilesBuildPhase;
			buildActionMask = 2147483647;
			dstPath = "";
			dstSubfolderSpec = 10;
			files = (
			);
			name = "Embed Frameworks";
			runOnlyForDeploymentPostprocessing = 0;
		};
/* End PBXCopyFilesBuildPhase section */

/* Begin PBXFileReference section */
		4EA2DB7E29F7F82700507E67 /* SnowMachine.swift */ = {isa = PBXFileReference; lastKnownFileType = sourcecode.swift; path = SnowMachine.swift; sourceTree = "<group>"; };
		4ED1B92129E42B86005C1511 /* StateProtocol.swift */ = {isa = PBXFileReference; lastKnownFileType = sourcecode.swift; path = StateProtocol.swift; sourceTree = "<group>"; };
		4ED1B92329E42BD7005C1511 /* InteractProtocol.swift */ = {isa = PBXFileReference; lastKnownFileType = sourcecode.swift; path = InteractProtocol.swift; sourceTree = "<group>"; };
		4ED1B93229E434EE005C1511 /* ActorStateEnum.swift */ = {isa = PBXFileReference; fileEncoding = 4; lastKnownFileType = sourcecode.swift; path = ActorStateEnum.swift; sourceTree = "<group>"; };
		4ED1B93329E434EE005C1511 /* ActuatorStateEnum.swift */ = {isa = PBXFileReference; fileEncoding = 4; lastKnownFileType = sourcecode.swift; path = ActuatorStateEnum.swift; sourceTree = "<group>"; };
		4ED1B93429E434EE005C1511 /* ProjectileStateEnum.swift */ = {isa = PBXFileReference; fileEncoding = 4; lastKnownFileType = sourcecode.swift; path = ProjectileStateEnum.swift; sourceTree = "<group>"; };
		4ED1B93929E4373B005C1511 /* ActorMoveProtocol.swift */ = {isa = PBXFileReference; lastKnownFileType = sourcecode.swift; path = ActorMoveProtocol.swift; sourceTree = "<group>"; };
		4ED1B93B29E4463E005C1511 /* ActorFeaturesProtocol.swift */ = {isa = PBXFileReference; lastKnownFileType = sourcecode.swift; path = ActorFeaturesProtocol.swift; sourceTree = "<group>"; };
		4ED1B93D29E44814005C1511 /* ActorTexturesProtocol.swift */ = {isa = PBXFileReference; lastKnownFileType = sourcecode.swift; path = ActorTexturesProtocol.swift; sourceTree = "<group>"; };
		4ED1B94029E449E0005C1511 /* ActorProtocol.swift */ = {isa = PBXFileReference; lastKnownFileType = sourcecode.swift; path = ActorProtocol.swift; sourceTree = "<group>"; };
		4ED1B94229E44C81005C1511 /* ActuatorProtocol.swift */ = {isa = PBXFileReference; lastKnownFileType = sourcecode.swift; path = ActuatorProtocol.swift; sourceTree = "<group>"; };
		4ED1B94429E44F97005C1511 /* AccesoriesStateEnum.swift */ = {isa = PBXFileReference; lastKnownFileType = sourcecode.swift; path = AccesoriesStateEnum.swift; sourceTree = "<group>"; };
		95F0278F29F7069A00A83497 /* Instances.swift */ = {isa = PBXFileReference; lastKnownFileType = sourcecode.swift; path = Instances.swift; sourceTree = "<group>"; };
		95FD15F429D6FE830025DFA8 /* OperationSnowBomb.app */ = {isa = PBXFileReference; explicitFileType = wrapper.application; includeInIndex = 0; path = OperationSnowBomb.app; sourceTree = BUILT_PRODUCTS_DIR; };
		95FD15F729D6FE830025DFA8 /* OperationSnowBombApp.swift */ = {isa = PBXFileReference; lastKnownFileType = sourcecode.swift; path = OperationSnowBombApp.swift; sourceTree = "<group>"; };
		95FD15F929D6FE830025DFA8 /* ContentView.swift */ = {isa = PBXFileReference; lastKnownFileType = sourcecode.swift; path = ContentView.swift; sourceTree = "<group>"; };
		95FD15FB29D6FE840025DFA8 /* Assets.xcassets */ = {isa = PBXFileReference; lastKnownFileType = folder.assetcatalog; path = Assets.xcassets; sourceTree = "<group>"; };
		95FD15FE29D6FE840025DFA8 /* Preview Assets.xcassets */ = {isa = PBXFileReference; lastKnownFileType = folder.assetcatalog; path = "Preview Assets.xcassets"; sourceTree = "<group>"; };
		DD43967029E581A900E1DF19 /* GameBoard.swift */ = {isa = PBXFileReference; lastKnownFileType = sourcecode.swift; path = GameBoard.swift; sourceTree = "<group>"; };
		DD43967329E5855700E1DF19 /* Actor.swift */ = {isa = PBXFileReference; lastKnownFileType = sourcecode.swift; path = Actor.swift; sourceTree = "<group>"; };
		DD43967529E6EF4900E1DF19 /* AccesoriesProtocol.swift */ = {isa = PBXFileReference; lastKnownFileType = sourcecode.swift; path = AccesoriesProtocol.swift; sourceTree = "<group>"; };
		DD43967729E6F0C400E1DF19 /* Accessories.swift */ = {isa = PBXFileReference; lastKnownFileType = sourcecode.swift; path = Accessories.swift; sourceTree = "<group>"; };
		DD4396B429F16DCC00E1DF19 /* Actuator.swift */ = {isa = PBXFileReference; lastKnownFileType = sourcecode.swift; path = Actuator.swift; sourceTree = "<group>"; };
		DDBA82FD29F86B4700C3E1C8 /* ArrowsJoystick.swift */ = {isa = PBXFileReference; lastKnownFileType = sourcecode.swift; path = ArrowsJoystick.swift; sourceTree = "<group>"; };
/* End PBXFileReference section */

/* Begin PBXFrameworksBuildPhase section */
		95FD15F129D6FE830025DFA8 /* Frameworks */ = {
			isa = PBXFrameworksBuildPhase;
			buildActionMask = 2147483647;
			files = (
			);
			runOnlyForDeploymentPostprocessing = 0;
		};
/* End PBXFrameworksBuildPhase section */

/* Begin PBXGroup section */
		4ED1B91F29E42ABD005C1511 /* Utils */ = {
			isa = PBXGroup;
			children = (
				4ED1B93129E434E3005C1511 /* Enums */,
				4ED1B92029E42B32005C1511 /* Protocols */,
			);
			path = Utils;
			sourceTree = "<group>";
		};
		4ED1B92029E42B32005C1511 /* Protocols */ = {
			isa = PBXGroup;
			children = (
				957A77ED29F72AE700487104 /* Interactores */,
				957A77EC29F72A2500487104 /* Actor */,
				4ED1B92129E42B86005C1511 /* StateProtocol.swift */,
			);
			path = Protocols;
			sourceTree = "<group>";
		};
		4ED1B93129E434E3005C1511 /* Enums */ = {
			isa = PBXGroup;
			children = (
				4ED1B93229E434EE005C1511 /* ActorStateEnum.swift */,
				4ED1B93329E434EE005C1511 /* ActuatorStateEnum.swift */,
				4ED1B93429E434EE005C1511 /* ProjectileStateEnum.swift */,
				4ED1B94429E44F97005C1511 /* AccesoriesStateEnum.swift */,
			);
			path = Enums;
			sourceTree = "<group>";
		};
		957A77EC29F72A2500487104 /* Actor */ = {
			isa = PBXGroup;
			children = (
				4ED1B93929E4373B005C1511 /* ActorMoveProtocol.swift */,
				4ED1B93B29E4463E005C1511 /* ActorFeaturesProtocol.swift */,
				4ED1B93D29E44814005C1511 /* ActorTexturesProtocol.swift */,
			);
			path = Actor;
			sourceTree = "<group>";
		};
		957A77ED29F72AE700487104 /* Interactores */ = {
			isa = PBXGroup;
			children = (
				4ED1B94029E449E0005C1511 /* ActorProtocol.swift */,
				4ED1B92329E42BD7005C1511 /* InteractProtocol.swift */,
				DD43967529E6EF4900E1DF19 /* AccesoriesProtocol.swift */,
				4ED1B94229E44C81005C1511 /* ActuatorProtocol.swift */,
			);
			path = Interactores;
			sourceTree = "<group>";
		};
		95F0278D29F7067F00A83497 /* Mock */ = {
			isa = PBXGroup;
			children = (
				95F0278F29F7069A00A83497 /* Instances.swift */,
			);
			path = Mock;
			sourceTree = "<group>";
		};
		95FD15EB29D6FE830025DFA8 = {
			isa = PBXGroup;
			children = (
				95FD15F629D6FE830025DFA8 /* OperationSnowBomb */,
				95FD15F529D6FE830025DFA8 /* Products */,
			);
			sourceTree = "<group>";
		};
		95FD15F529D6FE830025DFA8 /* Products */ = {
			isa = PBXGroup;
			children = (
				95FD15F429D6FE830025DFA8 /* OperationSnowBomb.app */,
			);
			name = Products;
			sourceTree = "<group>";
		};
		95FD15F629D6FE830025DFA8 /* OperationSnowBomb */ = {
			isa = PBXGroup;
			children = (
				95F0278D29F7067F00A83497 /* Mock */,
				DD43967229E584F500E1DF19 /* Models */,
				4ED1B91F29E42ABD005C1511 /* Utils */,
				95FD15F729D6FE830025DFA8 /* OperationSnowBombApp.swift */,
				95FD15F929D6FE830025DFA8 /* ContentView.swift */,
				DD43967029E581A900E1DF19 /* GameBoard.swift */,
				95FD15FB29D6FE840025DFA8 /* Assets.xcassets */,
				95FD15FD29D6FE840025DFA8 /* Preview Content */,
			);
			path = OperationSnowBomb;
			sourceTree = "<group>";
		};
		95FD15FD29D6FE840025DFA8 /* Preview Content */ = {
			isa = PBXGroup;
			children = (
				95FD15FE29D6FE840025DFA8 /* Preview Assets.xcassets */,
			);
			path = "Preview Content";
			sourceTree = "<group>";
		};
		DD43967229E584F500E1DF19 /* Models */ = {
			isa = PBXGroup;
			children = (
				DD43967329E5855700E1DF19 /* Actor.swift */,
				DD4396B429F16DCC00E1DF19 /* Actuator.swift */,
				DD43967729E6F0C400E1DF19 /* Accessories.swift */,
				4EA2DB7E29F7F82700507E67 /* SnowMachine.swift */,
				DDBA82FD29F86B4700C3E1C8 /* ArrowsJoystick.swift */,
			);
			path = Models;
			sourceTree = "<group>";
		};
/* End PBXGroup section */

/* Begin PBXNativeTarget section */
		95FD15F329D6FE830025DFA8 /* OperationSnowBomb */ = {
			isa = PBXNativeTarget;
			buildConfigurationList = 95FD160229D6FE840025DFA8 /* Build configuration list for PBXNativeTarget "OperationSnowBomb" */;
			buildPhases = (
				95FD15F029D6FE830025DFA8 /* Sources */,
				95FD15F129D6FE830025DFA8 /* Frameworks */,
				95FD15F229D6FE830025DFA8 /* Resources */,
				95FD162229D7022D0025DFA8 /* Embed Frameworks */,
				95FD166629D703D10025DFA8 /* ShellScript */,
			);
			buildRules = (
			);
			dependencies = (
			);
			name = OperationSnowBomb;
			packageProductDependencies = (
			);
			productName = OperationSnowBomb;
			productReference = 95FD15F429D6FE830025DFA8 /* OperationSnowBomb.app */;
			productType = "com.apple.product-type.application";
		};
/* End PBXNativeTarget section */

/* Begin PBXProject section */
		95FD15EC29D6FE830025DFA8 /* Project object */ = {
			isa = PBXProject;
			attributes = {
				BuildIndependentTargetsInParallel = 1;
				LastSwiftUpdateCheck = 1420;
				LastUpgradeCheck = 1420;
				TargetAttributes = {
					95FD15F329D6FE830025DFA8 = {
						CreatedOnToolsVersion = 14.2;
					};
				};
			};
			buildConfigurationList = 95FD15EF29D6FE830025DFA8 /* Build configuration list for PBXProject "OperationSnowBomb" */;
			compatibilityVersion = "Xcode 14.0";
			developmentRegion = en;
			hasScannedForEncodings = 0;
			knownRegions = (
				en,
				Base,
			);
			mainGroup = 95FD15EB29D6FE830025DFA8;
			packageReferences = (
			);
			productRefGroup = 95FD15F529D6FE830025DFA8 /* Products */;
			projectDirPath = "";
			projectRoot = "";
			targets = (
				95FD15F329D6FE830025DFA8 /* OperationSnowBomb */,
			);
		};
/* End PBXProject section */

/* Begin PBXResourcesBuildPhase section */
		95FD15F229D6FE830025DFA8 /* Resources */ = {
			isa = PBXResourcesBuildPhase;
			buildActionMask = 2147483647;
			files = (
				95FD15FF29D6FE840025DFA8 /* Preview Assets.xcassets in Resources */,
				95FD15FC29D6FE840025DFA8 /* Assets.xcassets in Resources */,
			);
			runOnlyForDeploymentPostprocessing = 0;
		};
/* End PBXResourcesBuildPhase section */

/* Begin PBXShellScriptBuildPhase section */
		95FD166629D703D10025DFA8 /* ShellScript */ = {
			isa = PBXShellScriptBuildPhase;
			buildActionMask = 2147483647;
			files = (
			);
			inputFileListPaths = (
			);
			inputPaths = (
			);
			outputFileListPaths = (
			);
			outputPaths = (
			);
			runOnlyForDeploymentPostprocessing = 0;
			shellPath = /bin/sh;
			shellScript = "export PATH=\"$PATH:/opt/homebrew/bin\"\nif which swiftlint > /dev/null; then\n  swiftlint\nelse\n  echo \"warning: SwiftLint not installed, download from https://github.com/realm/SwiftLint\"\nfi\n";
			showEnvVarsInLog = 0;
		};
/* End PBXShellScriptBuildPhase section */

/* Begin PBXSourcesBuildPhase section */
		95FD15F029D6FE830025DFA8 /* Sources */ = {
			isa = PBXSourcesBuildPhase;
			buildActionMask = 2147483647;
			files = (
				DD43967829E6F0C400E1DF19 /* Accessories.swift in Sources */,
				4ED1B94129E449E0005C1511 /* ActorProtocol.swift in Sources */,
				4ED1B93E29E44814005C1511 /* ActorTexturesProtocol.swift in Sources */,
				4ED1B94329E44C81005C1511 /* ActuatorProtocol.swift in Sources */,
				4ED1B93C29E4463E005C1511 /* ActorFeaturesProtocol.swift in Sources */,
				95F0279029F7069A00A83497 /* Instances.swift in Sources */,
				95FD15FA29D6FE830025DFA8 /* ContentView.swift in Sources */,
				4ED1B93A29E4373B005C1511 /* ActorMoveProtocol.swift in Sources */,
				DD43967629E6EF4900E1DF19 /* AccesoriesProtocol.swift in Sources */,
				DD4396B529F16DCC00E1DF19 /* Actuator.swift in Sources */,
				4ED1B92429E42BD7005C1511 /* InteractProtocol.swift in Sources */,
				4ED1B92229E42B86005C1511 /* StateProtocol.swift in Sources */,
				4EA2DB7F29F7F82700507E67 /* SnowMachine.swift in Sources */,
				95FD15F829D6FE830025DFA8 /* OperationSnowBombApp.swift in Sources */,
				DD43967429E5855700E1DF19 /* Actor.swift in Sources */,
				4ED1B93529E434EE005C1511 /* ActorStateEnum.swift in Sources */,
				DD43967129E581A900E1DF19 /* GameBoard.swift in Sources */,
				4ED1B93629E434EE005C1511 /* ActuatorStateEnum.swift in Sources */,
				DDBA82FE29F86B4700C3E1C8 /* ArrowsJoystick.swift in Sources */,
				4ED1B93729E434EE005C1511 /* ProjectileStateEnum.swift in Sources */,
				4ED1B94529E44F97005C1511 /* AccesoriesStateEnum.swift in Sources */,
			);
			runOnlyForDeploymentPostprocessing = 0;
		};
/* End PBXSourcesBuildPhase section */

/* Begin XCBuildConfiguration section */
		95FD160029D6FE840025DFA8 /* Debug */ = {
			isa = XCBuildConfiguration;
			buildSettings = {
				ALWAYS_SEARCH_USER_PATHS = NO;
				CLANG_ANALYZER_NONNULL = YES;
				CLANG_ANALYZER_NUMBER_OBJECT_CONVERSION = YES_AGGRESSIVE;
				CLANG_CXX_LANGUAGE_STANDARD = "gnu++20";
				CLANG_ENABLE_MODULES = YES;
				CLANG_ENABLE_OBJC_ARC = YES;
				CLANG_ENABLE_OBJC_WEAK = YES;
				CLANG_WARN_BLOCK_CAPTURE_AUTORELEASING = YES;
				CLANG_WARN_BOOL_CONVERSION = YES;
				CLANG_WARN_COMMA = YES;
				CLANG_WARN_CONSTANT_CONVERSION = YES;
				CLANG_WARN_DEPRECATED_OBJC_IMPLEMENTATIONS = YES;
				CLANG_WARN_DIRECT_OBJC_ISA_USAGE = YES_ERROR;
				CLANG_WARN_DOCUMENTATION_COMMENTS = YES;
				CLANG_WARN_EMPTY_BODY = YES;
				CLANG_WARN_ENUM_CONVERSION = YES;
				CLANG_WARN_INFINITE_RECURSION = YES;
				CLANG_WARN_INT_CONVERSION = YES;
				CLANG_WARN_NON_LITERAL_NULL_CONVERSION = YES;
				CLANG_WARN_OBJC_IMPLICIT_RETAIN_SELF = YES;
				CLANG_WARN_OBJC_LITERAL_CONVERSION = YES;
				CLANG_WARN_OBJC_ROOT_CLASS = YES_ERROR;
				CLANG_WARN_QUOTED_INCLUDE_IN_FRAMEWORK_HEADER = YES;
				CLANG_WARN_RANGE_LOOP_ANALYSIS = YES;
				CLANG_WARN_STRICT_PROTOTYPES = YES;
				CLANG_WARN_SUSPICIOUS_MOVE = YES;
				CLANG_WARN_UNGUARDED_AVAILABILITY = YES_AGGRESSIVE;
				CLANG_WARN_UNREACHABLE_CODE = YES;
				CLANG_WARN__DUPLICATE_METHOD_MATCH = YES;
				COPY_PHASE_STRIP = NO;
				DEBUG_INFORMATION_FORMAT = dwarf;
				ENABLE_STRICT_OBJC_MSGSEND = YES;
				ENABLE_TESTABILITY = YES;
				GCC_C_LANGUAGE_STANDARD = gnu11;
				GCC_DYNAMIC_NO_PIC = NO;
				GCC_NO_COMMON_BLOCKS = YES;
				GCC_OPTIMIZATION_LEVEL = 0;
				GCC_PREPROCESSOR_DEFINITIONS = (
					"DEBUG=1",
					"$(inherited)",
				);
				GCC_WARN_64_TO_32_BIT_CONVERSION = YES;
				GCC_WARN_ABOUT_RETURN_TYPE = YES_ERROR;
				GCC_WARN_UNDECLARED_SELECTOR = YES;
				GCC_WARN_UNINITIALIZED_AUTOS = YES_AGGRESSIVE;
				GCC_WARN_UNUSED_FUNCTION = YES;
				GCC_WARN_UNUSED_VARIABLE = YES;
				IPHONEOS_DEPLOYMENT_TARGET = 16.2;
				MTL_ENABLE_DEBUG_INFO = INCLUDE_SOURCE;
				MTL_FAST_MATH = YES;
				ONLY_ACTIVE_ARCH = YES;
				SDKROOT = iphoneos;
				SWIFT_ACTIVE_COMPILATION_CONDITIONS = DEBUG;
				SWIFT_OPTIMIZATION_LEVEL = "-Onone";
			};
			name = Debug;
		};
		95FD160129D6FE840025DFA8 /* Release */ = {
			isa = XCBuildConfiguration;
			buildSettings = {
				ALWAYS_SEARCH_USER_PATHS = NO;
				CLANG_ANALYZER_NONNULL = YES;
				CLANG_ANALYZER_NUMBER_OBJECT_CONVERSION = YES_AGGRESSIVE;
				CLANG_CXX_LANGUAGE_STANDARD = "gnu++20";
				CLANG_ENABLE_MODULES = YES;
				CLANG_ENABLE_OBJC_ARC = YES;
				CLANG_ENABLE_OBJC_WEAK = YES;
				CLANG_WARN_BLOCK_CAPTURE_AUTORELEASING = YES;
				CLANG_WARN_BOOL_CONVERSION = YES;
				CLANG_WARN_COMMA = YES;
				CLANG_WARN_CONSTANT_CONVERSION = YES;
				CLANG_WARN_DEPRECATED_OBJC_IMPLEMENTATIONS = YES;
				CLANG_WARN_DIRECT_OBJC_ISA_USAGE = YES_ERROR;
				CLANG_WARN_DOCUMENTATION_COMMENTS = YES;
				CLANG_WARN_EMPTY_BODY = YES;
				CLANG_WARN_ENUM_CONVERSION = YES;
				CLANG_WARN_INFINITE_RECURSION = YES;
				CLANG_WARN_INT_CONVERSION = YES;
				CLANG_WARN_NON_LITERAL_NULL_CONVERSION = YES;
				CLANG_WARN_OBJC_IMPLICIT_RETAIN_SELF = YES;
				CLANG_WARN_OBJC_LITERAL_CONVERSION = YES;
				CLANG_WARN_OBJC_ROOT_CLASS = YES_ERROR;
				CLANG_WARN_QUOTED_INCLUDE_IN_FRAMEWORK_HEADER = YES;
				CLANG_WARN_RANGE_LOOP_ANALYSIS = YES;
				CLANG_WARN_STRICT_PROTOTYPES = YES;
				CLANG_WARN_SUSPICIOUS_MOVE = YES;
				CLANG_WARN_UNGUARDED_AVAILABILITY = YES_AGGRESSIVE;
				CLANG_WARN_UNREACHABLE_CODE = YES;
				CLANG_WARN__DUPLICATE_METHOD_MATCH = YES;
				COPY_PHASE_STRIP = NO;
				DEBUG_INFORMATION_FORMAT = "dwarf-with-dsym";
				ENABLE_NS_ASSERTIONS = NO;
				ENABLE_STRICT_OBJC_MSGSEND = YES;
				GCC_C_LANGUAGE_STANDARD = gnu11;
				GCC_NO_COMMON_BLOCKS = YES;
				GCC_WARN_64_TO_32_BIT_CONVERSION = YES;
				GCC_WARN_ABOUT_RETURN_TYPE = YES_ERROR;
				GCC_WARN_UNDECLARED_SELECTOR = YES;
				GCC_WARN_UNINITIALIZED_AUTOS = YES_AGGRESSIVE;
				GCC_WARN_UNUSED_FUNCTION = YES;
				GCC_WARN_UNUSED_VARIABLE = YES;
				IPHONEOS_DEPLOYMENT_TARGET = 16.2;
				MTL_ENABLE_DEBUG_INFO = NO;
				MTL_FAST_MATH = YES;
				SDKROOT = iphoneos;
				SWIFT_COMPILATION_MODE = wholemodule;
				SWIFT_OPTIMIZATION_LEVEL = "-O";
				VALIDATE_PRODUCT = YES;
			};
			name = Release;
		};
		95FD160329D6FE840025DFA8 /* Debug */ = {
			isa = XCBuildConfiguration;
			buildSettings = {
				ASSETCATALOG_COMPILER_APPICON_NAME = AppIcon;
				ASSETCATALOG_COMPILER_GLOBAL_ACCENT_COLOR_NAME = AccentColor;
				CODE_SIGN_STYLE = Automatic;
				CURRENT_PROJECT_VERSION = 1;
				DEVELOPMENT_ASSET_PATHS = "\"OperationSnowBomb/Preview Content\"";
				DEVELOPMENT_TEAM = 2D837DJ3YC;
				ENABLE_PREVIEWS = YES;
				GENERATE_INFOPLIST_FILE = YES;
				INFOPLIST_KEY_UIApplicationSceneManifest_Generation = YES;
				INFOPLIST_KEY_UIApplicationSupportsIndirectInputEvents = YES;
				INFOPLIST_KEY_UILaunchScreen_Generation = YES;
				INFOPLIST_KEY_UISupportedInterfaceOrientations = "UIInterfaceOrientationLandscapeLeft UIInterfaceOrientationLandscapeRight";
				LD_RUNPATH_SEARCH_PATHS = (
					"$(inherited)",
					"@executable_path/Frameworks",
				);
				MARKETING_VERSION = 1.0;
				PRODUCT_BUNDLE_IDENTIFIER = Academy.OperationSnowBomb;
				PRODUCT_NAME = "$(TARGET_NAME)";
				SUPPORTED_PLATFORMS = "appletvos appletvsimulator iphoneos iphonesimulator";
				SUPPORTS_MACCATALYST = NO;
				SUPPORTS_MAC_DESIGNED_FOR_IPHONE_IPAD = YES;
				SWIFT_EMIT_LOC_STRINGS = YES;
				SWIFT_VERSION = 5.0;
				TARGETED_DEVICE_FAMILY = "1,2,3";
			};
			name = Debug;
		};
		95FD160429D6FE840025DFA8 /* Release */ = {
			isa = XCBuildConfiguration;
			buildSettings = {
				ASSETCATALOG_COMPILER_APPICON_NAME = AppIcon;
				ASSETCATALOG_COMPILER_GLOBAL_ACCENT_COLOR_NAME = AccentColor;
				CODE_SIGN_STYLE = Automatic;
				CURRENT_PROJECT_VERSION = 1;
				DEVELOPMENT_ASSET_PATHS = "\"OperationSnowBomb/Preview Content\"";
				DEVELOPMENT_TEAM = 2D837DJ3YC;
				ENABLE_PREVIEWS = YES;
				GENERATE_INFOPLIST_FILE = YES;
				INFOPLIST_KEY_UIApplicationSceneManifest_Generation = YES;
				INFOPLIST_KEY_UIApplicationSupportsIndirectInputEvents = YES;
				INFOPLIST_KEY_UILaunchScreen_Generation = YES;
				INFOPLIST_KEY_UISupportedInterfaceOrientations = "UIInterfaceOrientationLandscapeLeft UIInterfaceOrientationLandscapeRight";
				LD_RUNPATH_SEARCH_PATHS = (
					"$(inherited)",
					"@executable_path/Frameworks",
				);
				MARKETING_VERSION = 1.0;
				PRODUCT_BUNDLE_IDENTIFIER = Academy.OperationSnowBomb;
				PRODUCT_NAME = "$(TARGET_NAME)";
				SUPPORTED_PLATFORMS = "appletvos appletvsimulator iphoneos iphonesimulator";
				SUPPORTS_MACCATALYST = NO;
				SUPPORTS_MAC_DESIGNED_FOR_IPHONE_IPAD = YES;
				SWIFT_EMIT_LOC_STRINGS = YES;
				SWIFT_VERSION = 5.0;
				TARGETED_DEVICE_FAMILY = "1,2,3";
			};
			name = Release;
		};
/* End XCBuildConfiguration section */

/* Begin XCConfigurationList section */
		95FD15EF29D6FE830025DFA8 /* Build configuration list for PBXProject "OperationSnowBomb" */ = {
			isa = XCConfigurationList;
			buildConfigurations = (
				95FD160029D6FE840025DFA8 /* Debug */,
				95FD160129D6FE840025DFA8 /* Release */,
			);
			defaultConfigurationIsVisible = 0;
			defaultConfigurationName = Release;
		};
		95FD160229D6FE840025DFA8 /* Build configuration list for PBXNativeTarget "OperationSnowBomb" */ = {
			isa = XCConfigurationList;
			buildConfigurations = (
				95FD160329D6FE840025DFA8 /* Debug */,
				95FD160429D6FE840025DFA8 /* Release */,
			);
			defaultConfigurationIsVisible = 0;
			defaultConfigurationName = Release;
		};
/* End XCConfigurationList section */
	};
	rootObject = 95FD15EC29D6FE830025DFA8 /* Project object */;
}
